
Microsoft Visual Studio Solution File, Format Version 12.00
# Visual Studio Version 16
VisualStudioVersion = 16.0.30011.22
MinimumVisualStudioVersion = 10.0.40219.1
Project("{FAE04EC0-301F-11D3-BF4B-00C04F79EFBC}") = "Tutorial_EntityFrameworkCore", "Tutorial_EntityFrameworkCore\Tutorial_EntityFrameworkCore.csproj", "{3CFE2802-4F9B-444B-8ACB-D9DEF1313780}"
EndProject
Global
	GlobalSection(SolutionConfigurationPlatforms) = preSolution
		Debug|Any CPU = Debug|Any CPU
		Release|Any CPU = Release|Any CPU
	EndGlobalSection
	GlobalSection(ProjectConfigurationPlatforms) = postSolution
		{3CFE2802-4F9B-444B-8ACB-D9DEF1313780}.Debug|Any CPU.ActiveCfg = Debug|Any CPU
		{3CFE2802-4F9B-444B-8ACB-D9DEF1313780}.Debug|Any CPU.Build.0 = Debug|Any CPU
		{3CFE2802-4F9B-444B-8ACB-D9DEF1313780}.Release|Any CPU.ActiveCfg = Release|Any CPU
		{3CFE2802-4F9B-444B-8ACB-D9DEF1313780}.Release|Any CPU.Build.0 = Release|Any CPU
	EndGlobalSection
	GlobalSection(SolutionProperties) = preSolution
		HideSolutionNode = FALSE
	EndGlobalSection
	GlobalSection(ExtensibilityGlobals) = postSolution
		SolutionGuid = {2F2FD143-4DD6-47FD-8758-A8846D31352B}
	EndGlobalSection
EndGlobal
